
Microsoft Visual Studio Solution File, Format Version 12.00
# Visual Studio Version 17
VisualStudioVersion = 17.14.36915.13 d17.14
MinimumVisualStudioVersion = 10.0.40219.1
Project("{FAE04EC0-301F-11D3-BF4B-00C04F79EFBC}") = "DrugStoreStatistics", "DrugStoreStatistics.csproj", "{F7A706A4-9876-4EF6-9C7C-E541A7104083}"
EndProject
Global
	GlobalSection(SolutionConfigurationPlatforms) = preSolution
		Debug|Any CPU = Debug|Any CPU
		Release|Any CPU = Release|Any CPU
	EndGlobalSection
	GlobalSection(ProjectConfigurationPlatforms) = postSolution
		{F7A706A4-9876-4EF6-9C7C-E541A7104083}.Debug|Any CPU.ActiveCfg = Debug|Any CPU
		{F7A706A4-9876-4EF6-9C7C-E541A7104083}.Debug|Any CPU.Build.0 = Debug|Any CPU
		{F7A706A4-9876-4EF6-9C7C-E541A7104083}.Release|Any CPU.ActiveCfg = Release|Any CPU
		{F7A706A4-9876-4EF6-9C7C-E541A7104083}.Release|Any CPU.Build.0 = Release|Any CPU
	EndGlobalSection
	GlobalSection(SolutionProperties) = preSolution
		HideSolutionNode = FALSE
	EndGlobalSection
	GlobalSection(ExtensibilityGlobals) = postSolution
		SolutionGuid = {371A329C-7666-4D34-BE17-32D7D3C26DDD}
	EndGlobalSection
EndGlobal
